// !$*UTF8*$!
{
	archiveVersion = 1;
	classes = {
	};
	objectVersion = 55;
	objects = {

/* Begin PBXBuildFile section */
		0E63FCA97457A59047C1D16A /* Pods_ubidv2.framework in Frameworks */ = {isa = PBXBuildFile; fileRef = BD9F0E772600502D9AD77237 /* Pods_ubidv2.framework */; };
		657B865D2936A394003DA41F /* AppDelegate.swift in Sources */ = {isa = PBXBuildFile; fileRef = 657B865C2936A394003DA41F /* AppDelegate.swift */; };
		657B865F2936A394003DA41F /* SceneDelegate.swift in Sources */ = {isa = PBXBuildFile; fileRef = 657B865E2936A394003DA41F /* SceneDelegate.swift */; };
		657B86612936A394003DA41F /* LoginViewController.swift in Sources */ = {isa = PBXBuildFile; fileRef = 657B86602936A394003DA41F /* LoginViewController.swift */; };
		657B86642936A394003DA41F /* Main.storyboard in Resources */ = {isa = PBXBuildFile; fileRef = 657B86622936A394003DA41F /* Main.storyboard */; };
		657B86662936A396003DA41F /* Assets.xcassets in Resources */ = {isa = PBXBuildFile; fileRef = 657B86652936A396003DA41F /* Assets.xcassets */; };
		657B86692936A396003DA41F /* LaunchScreen.storyboard in Resources */ = {isa = PBXBuildFile; fileRef = 657B86672936A396003DA41F /* LaunchScreen.storyboard */; };
		657B86742936A397003DA41F /* ubidv2Tests.swift in Sources */ = {isa = PBXBuildFile; fileRef = 657B86732936A397003DA41F /* ubidv2Tests.swift */; };
		657B867E2936A397003DA41F /* ubidv2UITests.swift in Sources */ = {isa = PBXBuildFile; fileRef = 657B867D2936A397003DA41F /* ubidv2UITests.swift */; };
		657B86802936A397003DA41F /* ubidv2UITestsLaunchTests.swift in Sources */ = {isa = PBXBuildFile; fileRef = 657B867F2936A397003DA41F /* ubidv2UITestsLaunchTests.swift */; };
		658065242936E4ED0085616C /* CameraViewController.swift in Sources */ = {isa = PBXBuildFile; fileRef = 658065232936E4ED0085616C /* CameraViewController.swift */; };
/* End PBXBuildFile section */

/* Begin PBXContainerItemProxy section */
		657B86702936A397003DA41F /* PBXContainerItemProxy */ = {
			isa = PBXContainerItemProxy;
			containerPortal = 657B86512936A394003DA41F /* Project object */;
			proxyType = 1;
			remoteGlobalIDString = 657B86582936A394003DA41F;
			remoteInfo = ubidv2;
		};
		657B867A2936A397003DA41F /* PBXContainerItemProxy */ = {
			isa = PBXContainerItemProxy;
			containerPortal = 657B86512936A394003DA41F /* Project object */;
			proxyType = 1;
			remoteGlobalIDString = 657B86582936A394003DA41F;
			remoteInfo = ubidv2;
		};
/* End PBXContainerItemProxy section */

/* Begin PBXFileReference section */
		2B5360E8CA7E509A587B3C62 /* Pods-ubidv2.debug.xcconfig */ = {isa = PBXFileReference; includeInIndex = 1; lastKnownFileType = text.xcconfig; name = "Pods-ubidv2.debug.xcconfig"; path = "Target Support Files/Pods-ubidv2/Pods-ubidv2.debug.xcconfig"; sourceTree = "<group>"; };
		5E55AE8F62A7777D0A265687 /* Pods-ubidv2.release.xcconfig */ = {isa = PBXFileReference; includeInIndex = 1; lastKnownFileType = text.xcconfig; name = "Pods-ubidv2.release.xcconfig"; path = "Target Support Files/Pods-ubidv2/Pods-ubidv2.release.xcconfig"; sourceTree = "<group>"; };
		657B86592936A394003DA41F /* ubidv2.app */ = {isa = PBXFileReference; explicitFileType = wrapper.application; includeInIndex = 0; path = ubidv2.app; sourceTree = BUILT_PRODUCTS_DIR; };
		657B865C2936A394003DA41F /* AppDelegate.swift */ = {isa = PBXFileReference; lastKnownFileType = sourcecode.swift; path = AppDelegate.swift; sourceTree = "<group>"; };
		657B865E2936A394003DA41F /* SceneDelegate.swift */ = {isa = PBXFileReference; lastKnownFileType = sourcecode.swift; path = SceneDelegate.swift; sourceTree = "<group>"; };
		657B86602936A394003DA41F /* LoginViewController.swift */ = {isa = PBXFileReference; lastKnownFileType = sourcecode.swift; path = LoginViewController.swift; sourceTree = "<group>"; };
		657B86632936A394003DA41F /* Base */ = {isa = PBXFileReference; lastKnownFileType = file.storyboard; name = Base; path = Base.lproj/Main.storyboard; sourceTree = "<group>"; };
		657B86652936A396003DA41F /* Assets.xcassets */ = {isa = PBXFileReference; lastKnownFileType = folder.assetcatalog; path = Assets.xcassets; sourceTree = "<group>"; };
		657B86682936A396003DA41F /* Base */ = {isa = PBXFileReference; lastKnownFileType = file.storyboard; name = Base; path = Base.lproj/LaunchScreen.storyboard; sourceTree = "<group>"; };
		657B866A2936A396003DA41F /* Info.plist */ = {isa = PBXFileReference; lastKnownFileType = text.plist.xml; path = Info.plist; sourceTree = "<group>"; };
		657B866F2936A397003DA41F /* ubidv2Tests.xctest */ = {isa = PBXFileReference; explicitFileType = wrapper.cfbundle; includeInIndex = 0; path = ubidv2Tests.xctest; sourceTree = BUILT_PRODUCTS_DIR; };
		657B86732936A397003DA41F /* ubidv2Tests.swift */ = {isa = PBXFileReference; lastKnownFileType = sourcecode.swift; path = ubidv2Tests.swift; sourceTree = "<group>"; };
		657B86792936A397003DA41F /* ubidv2UITests.xctest */ = {isa = PBXFileReference; explicitFileType = wrapper.cfbundle; includeInIndex = 0; path = ubidv2UITests.xctest; sourceTree = BUILT_PRODUCTS_DIR; };
		657B867D2936A397003DA41F /* ubidv2UITests.swift */ = {isa = PBXFileReference; lastKnownFileType = sourcecode.swift; path = ubidv2UITests.swift; sourceTree = "<group>"; };
		657B867F2936A397003DA41F /* ubidv2UITestsLaunchTests.swift */ = {isa = PBXFileReference; lastKnownFileType = sourcecode.swift; path = ubidv2UITestsLaunchTests.swift; sourceTree = "<group>"; };
		658065232936E4ED0085616C /* CameraViewController.swift */ = {isa = PBXFileReference; lastKnownFileType = sourcecode.swift; path = CameraViewController.swift; sourceTree = "<group>"; };
		BD9F0E772600502D9AD77237 /* Pods_ubidv2.framework */ = {isa = PBXFileReference; explicitFileType = wrapper.framework; includeInIndex = 0; path = Pods_ubidv2.framework; sourceTree = BUILT_PRODUCTS_DIR; };
/* End PBXFileReference section */

/* Begin PBXFrameworksBuildPhase section */
		657B86562936A394003DA41F /* Frameworks */ = {
			isa = PBXFrameworksBuildPhase;
			buildActionMask = 2147483647;
			files = (
				0E63FCA97457A59047C1D16A /* Pods_ubidv2.framework in Frameworks */,
			);
			runOnlyForDeploymentPostprocessing = 0;
		};
		657B866C2936A397003DA41F /* Frameworks */ = {
			isa = PBXFrameworksBuildPhase;
			buildActionMask = 2147483647;
			files = (
			);
			runOnlyForDeploymentPostprocessing = 0;
		};
		657B86762936A397003DA41F /* Frameworks */ = {
			isa = PBXFrameworksBuildPhase;
			buildActionMask = 2147483647;
			files = (
			);
			runOnlyForDeploymentPostprocessing = 0;
		};
/* End PBXFrameworksBuildPhase section */

/* Begin PBXGroup section */
		2687DA29636A36B7D671388C /* Frameworks */ = {
			isa = PBXGroup;
			children = (
				BD9F0E772600502D9AD77237 /* Pods_ubidv2.framework */,
			);
			name = Frameworks;
			sourceTree = "<group>";
		};
		657B86502936A394003DA41F = {
			isa = PBXGroup;
			children = (
				657B865B2936A394003DA41F /* ubidv2 */,
				657B86722936A397003DA41F /* ubidv2Tests */,
				657B867C2936A397003DA41F /* ubidv2UITests */,
				657B865A2936A394003DA41F /* Products */,
				74007304D1D1338117EBDCC5 /* Pods */,
				2687DA29636A36B7D671388C /* Frameworks */,
			);
			sourceTree = "<group>";
		};
		657B865A2936A394003DA41F /* Products */ = {
			isa = PBXGroup;
			children = (
				657B86592936A394003DA41F /* ubidv2.app */,
				657B866F2936A397003DA41F /* ubidv2Tests.xctest */,
				657B86792936A397003DA41F /* ubidv2UITests.xctest */,
			);
			name = Products;
			sourceTree = "<group>";
		};
		657B865B2936A394003DA41F /* ubidv2 */ = {
			isa = PBXGroup;
			children = (
				657B865C2936A394003DA41F /* AppDelegate.swift */,
				657B865E2936A394003DA41F /* SceneDelegate.swift */,
				657B86602936A394003DA41F /* LoginViewController.swift */,
				657B86622936A394003DA41F /* Main.storyboard */,
				657B86652936A396003DA41F /* Assets.xcassets */,
				657B86672936A396003DA41F /* LaunchScreen.storyboard */,
				657B866A2936A396003DA41F /* Info.plist */,
				658065232936E4ED0085616C /* CameraViewController.swift */,
			);
			path = ubidv2;
			sourceTree = "<group>";
		};
		657B86722936A397003DA41F /* ubidv2Tests */ = {
			isa = PBXGroup;
			children = (
				657B86732936A397003DA41F /* ubidv2Tests.swift */,
			);
			path = ubidv2Tests;
			sourceTree = "<group>";
		};
		657B867C2936A397003DA41F /* ubidv2UITests */ = {
			isa = PBXGroup;
			children = (
				657B867D2936A397003DA41F /* ubidv2UITests.swift */,
				657B867F2936A397003DA41F /* ubidv2UITestsLaunchTests.swift */,
			);
			path = ubidv2UITests;
			sourceTree = "<group>";
		};
		74007304D1D1338117EBDCC5 /* Pods */ = {
			isa = PBXGroup;
			children = (
				2B5360E8CA7E509A587B3C62 /* Pods-ubidv2.debug.xcconfig */,
				5E55AE8F62A7777D0A265687 /* Pods-ubidv2.release.xcconfig */,
			);
			path = Pods;
			sourceTree = "<group>";
		};
/* End PBXGroup section */

/* Begin PBXNativeTarget section */
		657B86582936A394003DA41F /* ubidv2 */ = {
			isa = PBXNativeTarget;
			buildConfigurationList = 657B86832936A397003DA41F /* Build configuration list for PBXNativeTarget "ubidv2" */;
			buildPhases = (
				184C72A5A13166795801FCAB /* [CP] Check Pods Manifest.lock */,
				657B86552936A394003DA41F /* Sources */,
				657B86562936A394003DA41F /* Frameworks */,
				657B86572936A394003DA41F /* Resources */,
				7222BB87FBA989D92E47A3ED /* [CP] Embed Pods Frameworks */,
			);
			buildRules = (
			);
			dependencies = (
			);
			name = ubidv2;
			productName = ubidv2;
			productReference = 657B86592936A394003DA41F /* ubidv2.app */;
			productType = "com.apple.product-type.application";
		};
		657B866E2936A397003DA41F /* ubidv2Tests */ = {
			isa = PBXNativeTarget;
			buildConfigurationList = 657B86862936A397003DA41F /* Build configuration list for PBXNativeTarget "ubidv2Tests" */;
			buildPhases = (
				657B866B2936A397003DA41F /* Sources */,
				657B866C2936A397003DA41F /* Frameworks */,
				657B866D2936A397003DA41F /* Resources */,
			);
			buildRules = (
			);
			dependencies = (
				657B86712936A397003DA41F /* PBXTargetDependency */,
			);
			name = ubidv2Tests;
			productName = ubidv2Tests;
			productReference = 657B866F2936A397003DA41F /* ubidv2Tests.xctest */;
			productType = "com.apple.product-type.bundle.unit-test";
		};
		657B86782936A397003DA41F /* ubidv2UITests */ = {
			isa = PBXNativeTarget;
			buildConfigurationList = 657B86892936A397003DA41F /* Build configuration list for PBXNativeTarget "ubidv2UITests" */;
			buildPhases = (
				657B86752936A397003DA41F /* Sources */,
				657B86762936A397003DA41F /* Frameworks */,
				657B86772936A397003DA41F /* Resources */,
			);
			buildRules = (
			);
			dependencies = (
				657B867B2936A397003DA41F /* PBXTargetDependency */,
			);
			name = ubidv2UITests;
			productName = ubidv2UITests;
			productReference = 657B86792936A397003DA41F /* ubidv2UITests.xctest */;
			productType = "com.apple.product-type.bundle.ui-testing";
		};
/* End PBXNativeTarget section */

/* Begin PBXProject section */
		657B86512936A394003DA41F /* Project object */ = {
			isa = PBXProject;
			attributes = {
				BuildIndependentTargetsInParallel = 1;
				LastSwiftUpdateCheck = 1410;
				LastUpgradeCheck = 1410;
				TargetAttributes = {
					657B86582936A394003DA41F = {
						CreatedOnToolsVersion = 14.1;
					};
					657B866E2936A397003DA41F = {
						CreatedOnToolsVersion = 14.1;
						TestTargetID = 657B86582936A394003DA41F;
					};
					657B86782936A397003DA41F = {
						CreatedOnToolsVersion = 14.1;
						TestTargetID = 657B86582936A394003DA41F;
					};
				};
			};
			buildConfigurationList = 657B86542936A394003DA41F /* Build configuration list for PBXProject "ubidv2" */;
			compatibilityVersion = "Xcode 13.0";
			developmentRegion = en;
			hasScannedForEncodings = 0;
			knownRegions = (
				en,
				Base,
			);
			mainGroup = 657B86502936A394003DA41F;
			productRefGroup = 657B865A2936A394003DA41F /* Products */;
			projectDirPath = "";
			projectRoot = "";
			targets = (
				657B86582936A394003DA41F /* ubidv2 */,
				657B866E2936A397003DA41F /* ubidv2Tests */,
				657B86782936A397003DA41F /* ubidv2UITests */,
			);
		};
/* End PBXProject section */

/* Begin PBXResourcesBuildPhase section */
		657B86572936A394003DA41F /* Resources */ = {
			isa = PBXResourcesBuildPhase;
			buildActionMask = 2147483647;
			files = (
				657B86692936A396003DA41F /* LaunchScreen.storyboard in Resources */,
				657B86662936A396003DA41F /* Assets.xcassets in Resources */,
				657B86642936A394003DA41F /* Main.storyboard in Resources */,
			);
			runOnlyForDeploymentPostprocessing = 0;
		};
		657B866D2936A397003DA41F /* Resources */ = {
			isa = PBXResourcesBuildPhase;
			buildActionMask = 2147483647;
			files = (
			);
			runOnlyForDeploymentPostprocessing = 0;
		};
		657B86772936A397003DA41F /* Resources */ = {
			isa = PBXResourcesBuildPhase;
			buildActionMask = 2147483647;
			files = (
			);
			runOnlyForDeploymentPostprocessing = 0;
		};
/* End PBXResourcesBuildPhase section */

/* Begin PBXShellScriptBuildPhase section */
		184C72A5A13166795801FCAB /* [CP] Check Pods Manifest.lock */ = {
			isa = PBXShellScriptBuildPhase;
			buildActionMask = 2147483647;
			files = (
			);
			inputFileListPaths = (
			);
			inputPaths = (
				"${PODS_PODFILE_DIR_PATH}/Podfile.lock",
				"${PODS_ROOT}/Manifest.lock",
			);
			name = "[CP] Check Pods Manifest.lock";
			outputFileListPaths = (
			);
			outputPaths = (
				"$(DERIVED_FILE_DIR)/Pods-ubidv2-checkManifestLockResult.txt",
			);
			runOnlyForDeploymentPostprocessing = 0;
			shellPath = /bin/sh;
			shellScript = "diff \"${PODS_PODFILE_DIR_PATH}/Podfile.lock\" \"${PODS_ROOT}/Manifest.lock\" > /dev/null\nif [ $? != 0 ] ; then\n    # print error to STDERR\n    echo \"error: The sandbox is not in sync with the Podfile.lock. Run 'pod install' or update your CocoaPods installation.\" >&2\n    exit 1\nfi\n# This output is used by Xcode 'outputs' to avoid re-running this script phase.\necho \"SUCCESS\" > \"${SCRIPT_OUTPUT_FILE_0}\"\n";
			showEnvVarsInLog = 0;
		};
		7222BB87FBA989D92E47A3ED /* [CP] Embed Pods Frameworks */ = {
			isa = PBXShellScriptBuildPhase;
			buildActionMask = 2147483647;
			files = (
			);
			inputFileListPaths = (
				"${PODS_ROOT}/Target Support Files/Pods-ubidv2/Pods-ubidv2-frameworks-${CONFIGURATION}-input-files.xcfilelist",
			);
			name = "[CP] Embed Pods Frameworks";
			outputFileListPaths = (
				"${PODS_ROOT}/Target Support Files/Pods-ubidv2/Pods-ubidv2-frameworks-${CONFIGURATION}-output-files.xcfilelist",
			);
			runOnlyForDeploymentPostprocessing = 0;
			shellPath = /bin/sh;
			shellScript = "\"${PODS_ROOT}/Target Support Files/Pods-ubidv2/Pods-ubidv2-frameworks.sh\"\n";
			showEnvVarsInLog = 0;
		};
/* End PBXShellScriptBuildPhase section */

/* Begin PBXSourcesBuildPhase section */
		657B86552936A394003DA41F /* Sources */ = {
			isa = PBXSourcesBuildPhase;
			buildActionMask = 2147483647;
			files = (
				657B86612936A394003DA41F /* LoginViewController.swift in Sources */,
				658065242936E4ED0085616C /* CameraViewController.swift in Sources */,
				657B865D2936A394003DA41F /* AppDelegate.swift in Sources */,
				657B865F2936A394003DA41F /* SceneDelegate.swift in Sources */,
			);
			runOnlyForDeploymentPostprocessing = 0;
		};
		657B866B2936A397003DA41F /* Sources */ = {
			isa = PBXSourcesBuildPhase;
			buildActionMask = 2147483647;
			files = (
				657B86742936A397003DA41F /* ubidv2Tests.swift in Sources */,
			);
			runOnlyForDeploymentPostprocessing = 0;
		};
		657B86752936A397003DA41F /* Sources */ = {
			isa = PBXSourcesBuildPhase;
			buildActionMask = 2147483647;
			files = (
				657B86802936A397003DA41F /* ubidv2UITestsLaunchTests.swift in Sources */,
				657B867E2936A397003DA41F /* ubidv2UITests.swift in Sources */,
			);
			runOnlyForDeploymentPostprocessing = 0;
		};
/* End PBXSourcesBuildPhase section */

/* Begin PBXTargetDependency section */
		657B86712936A397003DA41F /* PBXTargetDependency */ = {
			isa = PBXTargetDependency;
			target = 657B86582936A394003DA41F /* ubidv2 */;
			targetProxy = 657B86702936A397003DA41F /* PBXContainerItemProxy */;
		};
		657B867B2936A397003DA41F /* PBXTargetDependency */ = {
			isa = PBXTargetDependency;
			target = 657B86582936A394003DA41F /* ubidv2 */;
			targetProxy = 657B867A2936A397003DA41F /* PBXContainerItemProxy */;
		};
/* End PBXTargetDependency section */

/* Begin PBXVariantGroup section */
		657B86622936A394003DA41F /* Main.storyboard */ = {
			isa = PBXVariantGroup;
			children = (
				657B86632936A394003DA41F /* Base */,
			);
			name = Main.storyboard;
			sourceTree = "<group>";
		};
		657B86672936A396003DA41F /* LaunchScreen.storyboard */ = {
			isa = PBXVariantGroup;
			children = (
				657B86682936A396003DA41F /* Base */,
			);
			name = LaunchScreen.storyboard;
			sourceTree = "<group>";
		};
/* End PBXVariantGroup section */

/* Begin XCBuildConfiguration section */
		657B86812936A397003DA41F /* Debug */ = {
			isa = XCBuildConfiguration;
			buildSettings = {
				ALWAYS_SEARCH_USER_PATHS = NO;
				CLANG_ANALYZER_NONNULL = YES;
				CLANG_ANALYZER_NUMBER_OBJECT_CONVERSION = YES_AGGRESSIVE;
				CLANG_CXX_LANGUAGE_STANDARD = "gnu++20";
				CLANG_ENABLE_MODULES = YES;
				CLANG_ENABLE_OBJC_ARC = YES;
				CLANG_ENABLE_OBJC_WEAK = YES;
				CLANG_WARN_BLOCK_CAPTURE_AUTORELEASING = YES;
				CLANG_WARN_BOOL_CONVERSION = YES;
				CLANG_WARN_COMMA = YES;
				CLANG_WARN_CONSTANT_CONVERSION = YES;
				CLANG_WARN_DEPRECATED_OBJC_IMPLEMENTATIONS = YES;
				CLANG_WARN_DIRECT_OBJC_ISA_USAGE = YES_ERROR;
				CLANG_WARN_DOCUMENTATION_COMMENTS = YES;
				CLANG_WARN_EMPTY_BODY = YES;
				CLANG_WARN_ENUM_CONVERSION = YES;
				CLANG_WARN_INFINITE_RECURSION = YES;
				CLANG_WARN_INT_CONVERSION = YES;
				CLANG_WARN_NON_LITERAL_NULL_CONVERSION = YES;
				CLANG_WARN_OBJC_IMPLICIT_RETAIN_SELF = YES;
				CLANG_WARN_OBJC_LITERAL_CONVERSION = YES;
				CLANG_WARN_OBJC_ROOT_CLASS = YES_ERROR;
				CLANG_WARN_QUOTED_INCLUDE_IN_FRAMEWORK_HEADER = YES;
				CLANG_WARN_RANGE_LOOP_ANALYSIS = YES;
				CLANG_WARN_STRICT_PROTOTYPES = YES;
				CLANG_WARN_SUSPICIOUS_MOVE = YES;
				CLANG_WARN_UNGUARDED_AVAILABILITY = YES_AGGRESSIVE;
				CLANG_WARN_UNREACHABLE_CODE = YES;
				CLANG_WARN__DUPLICATE_METHOD_MATCH = YES;
				COPY_PHASE_STRIP = NO;
				DEBUG_INFORMATION_FORMAT = dwarf;
				ENABLE_STRICT_OBJC_MSGSEND = YES;
				ENABLE_TESTABILITY = YES;
				GCC_C_LANGUAGE_STANDARD = gnu11;
				GCC_DYNAMIC_NO_PIC = NO;
				GCC_NO_COMMON_BLOCKS = YES;
				GCC_OPTIMIZATION_LEVEL = 0;
				GCC_PREPROCESSOR_DEFINITIONS = (
					"DEBUG=1",
					"$(inherited)",
				);
				GCC_WARN_64_TO_32_BIT_CONVERSION = YES;
				GCC_WARN_ABOUT_RETURN_TYPE = YES_ERROR;
				GCC_WARN_UNDECLARED_SELECTOR = YES;
				GCC_WARN_UNINITIALIZED_AUTOS = YES_AGGRESSIVE;
				GCC_WARN_UNUSED_FUNCTION = YES;
				GCC_WARN_UNUSED_VARIABLE = YES;
				IPHONEOS_DEPLOYMENT_TARGET = 16.1;
				MTL_ENABLE_DEBUG_INFO = INCLUDE_SOURCE;
				MTL_FAST_MATH = YES;
				ONLY_ACTIVE_ARCH = YES;
				SDKROOT = iphoneos;
				SWIFT_ACTIVE_COMPILATION_CONDITIONS = DEBUG;
				SWIFT_OPTIMIZATION_LEVEL = "-Onone";
			};
			name = Debug;
		};
		657B86822936A397003DA41F /* Release */ = {
			isa = XCBuildConfiguration;
			buildSettings = {
				ALWAYS_SEARCH_USER_PATHS = NO;
				CLANG_ANALYZER_NONNULL = YES;
				CLANG_ANALYZER_NUMBER_OBJECT_CONVERSION = YES_AGGRESSIVE;
				CLANG_CXX_LANGUAGE_STANDARD = "gnu++20";
				CLANG_ENABLE_MODULES = YES;
				CLANG_ENABLE_OBJC_ARC = YES;
				CLANG_ENABLE_OBJC_WEAK = YES;
				CLANG_WARN_BLOCK_CAPTURE_AUTORELEASING = YES;
				CLANG_WARN_BOOL_CONVERSION = YES;
				CLANG_WARN_COMMA = YES;
				CLANG_WARN_CONSTANT_CONVERSION = YES;
				CLANG_WARN_DEPRECATED_OBJC_IMPLEMENTATIONS = YES;
				CLANG_WARN_DIRECT_OBJC_ISA_USAGE = YES_ERROR;
				CLANG_WARN_DOCUMENTATION_COMMENTS = YES;
				CLANG_WARN_EMPTY_BODY = YES;
				CLANG_WARN_ENUM_CONVERSION = YES;
				CLANG_WARN_INFINITE_RECURSION = YES;
				CLANG_WARN_INT_CONVERSION = YES;
				CLANG_WARN_NON_LITERAL_NULL_CONVERSION = YES;
				CLANG_WARN_OBJC_IMPLICIT_RETAIN_SELF = YES;
				CLANG_WARN_OBJC_LITERAL_CONVERSION = YES;
				CLANG_WARN_OBJC_ROOT_CLASS = YES_ERROR;
				CLANG_WARN_QUOTED_INCLUDE_IN_FRAMEWORK_HEADER = YES;
				CLANG_WARN_RANGE_LOOP_ANALYSIS = YES;
				CLANG_WARN_STRICT_PROTOTYPES = YES;
				CLANG_WARN_SUSPICIOUS_MOVE = YES;
				CLANG_WARN_UNGUARDED_AVAILABILITY = YES_AGGRESSIVE;
				CLANG_WARN_UNREACHABLE_CODE = YES;
				CLANG_WARN__DUPLICATE_METHOD_MATCH = YES;
				COPY_PHASE_STRIP = NO;
				DEBUG_INFORMATION_FORMAT = "dwarf-with-dsym";
				ENABLE_NS_ASSERTIONS = NO;
				ENABLE_STRICT_OBJC_MSGSEND = YES;
				GCC_C_LANGUAGE_STANDARD = gnu11;
				GCC_NO_COMMON_BLOCKS = YES;
				GCC_WARN_64_TO_32_BIT_CONVERSION = YES;
				GCC_WARN_ABOUT_RETURN_TYPE = YES_ERROR;
				GCC_WARN_UNDECLARED_SELECTOR = YES;
				GCC_WARN_UNINITIALIZED_AUTOS = YES_AGGRESSIVE;
				GCC_WARN_UNUSED_FUNCTION = YES;
				GCC_WARN_UNUSED_VARIABLE = YES;
				IPHONEOS_DEPLOYMENT_TARGET = 16.1;
				MTL_ENABLE_DEBUG_INFO = NO;
				MTL_FAST_MATH = YES;
				SDKROOT = iphoneos;
				SWIFT_COMPILATION_MODE = wholemodule;
				SWIFT_OPTIMIZATION_LEVEL = "-O";
				VALIDATE_PRODUCT = YES;
			};
			name = Release;
		};
		657B86842936A397003DA41F /* Debug */ = {
			isa = XCBuildConfiguration;
			baseConfigurationReference = 2B5360E8CA7E509A587B3C62 /* Pods-ubidv2.debug.xcconfig */;
			buildSettings = {
				ASSETCATALOG_COMPILER_APPICON_NAME = AppIcon;
				ASSETCATALOG_COMPILER_GLOBAL_ACCENT_COLOR_NAME = AccentColor;
				CODE_SIGN_STYLE = Automatic;
				CURRENT_PROJECT_VERSION = 1;
				DEVELOPMENT_TEAM = 5ZFMXF63T4;
				GENERATE_INFOPLIST_FILE = YES;
				INFOPLIST_FILE = ubidv2/Info.plist;
				INFOPLIST_KEY_UIApplicationSupportsIndirectInputEvents = YES;
				INFOPLIST_KEY_UILaunchStoryboardName = LaunchScreen;
				INFOPLIST_KEY_UIMainStoryboardFile = Main;
				INFOPLIST_KEY_UISupportedInterfaceOrientations_iPad = "UIInterfaceOrientationPortrait UIInterfaceOrientationPortraitUpsideDown UIInterfaceOrientationLandscapeLeft UIInterfaceOrientationLandscapeRight";
				INFOPLIST_KEY_UISupportedInterfaceOrientations_iPhone = "UIInterfaceOrientationPortrait UIInterfaceOrientationLandscapeLeft UIInterfaceOrientationLandscapeRight";
				LD_RUNPATH_SEARCH_PATHS = (
					"$(inherited)",
					"@executable_path/Frameworks",
				);
				MARKETING_VERSION = 1.0;
				PRODUCT_BUNDLE_IDENTIFIER = fau.ubidv2;
				PRODUCT_NAME = "$(TARGET_NAME)";
				SWIFT_EMIT_LOC_STRINGS = YES;
				SWIFT_VERSION = 5.0;
				TARGETED_DEVICE_FAMILY = "1,2";
			};
			name = Debug;
		};
		657B86852936A397003DA41F /* Release */ = {
			isa = XCBuildConfiguration;
			baseConfigurationReference = 5E55AE8F62A7777D0A265687 /* Pods-ubidv2.release.xcconfig */;
			buildSettings = {
				ASSETCATALOG_COMPILER_APPICON_NAME = AppIcon;
				ASSETCATALOG_COMPILER_GLOBAL_ACCENT_COLOR_NAME = AccentColor;
				CODE_SIGN_STYLE = Automatic;
				CURRENT_PROJECT_VERSION = 1;
				DEVELOPMENT_TEAM = 5ZFMXF63T4;
				GENERATE_INFOPLIST_FILE = YES;
				INFOPLIST_FILE = ubidv2/Info.plist;
				INFOPLIST_KEY_UIApplicationSupportsIndirectInputEvents = YES;
				INFOPLIST_KEY_UILaunchStoryboardName = LaunchScreen;
				INFOPLIST_KEY_UIMainStoryboardFile = Main;
				INFOPLIST_KEY_UISupportedInterfaceOrientations_iPad = "UIInterfaceOrientationPortrait UIInterfaceOrientationPortraitUpsideDown UIInterfaceOrientationLandscapeLeft UIInterfaceOrientationLandscapeRight";
				INFOPLIST_KEY_UISupportedInterfaceOrientations_iPhone = "UIInterfaceOrientationPortrait UIInterfaceOrientationLandscapeLeft UIInterfaceOrientationLandscapeRight";
				LD_RUNPATH_SEARCH_PATHS = (
					"$(inherited)",
					"@executable_path/Frameworks",
				);
				MARKETING_VERSION = 1.0;
				PRODUCT_BUNDLE_IDENTIFIER = fau.ubidv2;
				PRODUCT_NAME = "$(TARGET_NAME)";
				SWIFT_EMIT_LOC_STRINGS = YES;
				SWIFT_VERSION = 5.0;
				TARGETED_DEVICE_FAMILY = "1,2";
			};
			name = Release;
		};
		657B86872936A397003DA41F /* Debug */ = {
			isa = XCBuildConfiguration;
			buildSettings = {
				ALWAYS_EMBED_SWIFT_STANDARD_LIBRARIES = YES;
				BUNDLE_LOADER = "$(TEST_HOST)";
				CODE_SIGN_STYLE = Automatic;
				CURRENT_PROJECT_VERSION = 1;
				DEVELOPMENT_TEAM = 5ZFMXF63T4;
				GENERATE_INFOPLIST_FILE = YES;
				IPHONEOS_DEPLOYMENT_TARGET = 16.1;
				MARKETING_VERSION = 1.0;
				PRODUCT_BUNDLE_IDENTIFIER = fau.ubidv2Tests;
				PRODUCT_NAME = "$(TARGET_NAME)";
				SWIFT_EMIT_LOC_STRINGS = NO;
				SWIFT_VERSION = 5.0;
				TARGETED_DEVICE_FAMILY = "1,2";
				TEST_HOST = "$(BUILT_PRODUCTS_DIR)/ubidv2.app/$(BUNDLE_EXECUTABLE_FOLDER_PATH)/ubidv2";
			};
			name = Debug;
		};
		657B86882936A397003DA41F /* Release */ = {
			isa = XCBuildConfiguration;
			buildSettings = {
				ALWAYS_EMBED_SWIFT_STANDARD_LIBRARIES = YES;
				BUNDLE_LOADER = "$(TEST_HOST)";
				CODE_SIGN_STYLE = Automatic;
				CURRENT_PROJECT_VERSION = 1;
				DEVELOPMENT_TEAM = 5ZFMXF63T4;
				GENERATE_INFOPLIST_FILE = YES;
				IPHONEOS_DEPLOYMENT_TARGET = 16.1;
				MARKETING_VERSION = 1.0;
				PRODUCT_BUNDLE_IDENTIFIER = fau.ubidv2Tests;
				PRODUCT_NAME = "$(TARGET_NAME)";
				SWIFT_EMIT_LOC_STRINGS = NO;
				SWIFT_VERSION = 5.0;
				TARGETED_DEVICE_FAMILY = "1,2";
				TEST_HOST = "$(BUILT_PRODUCTS_DIR)/ubidv2.app/$(BUNDLE_EXECUTABLE_FOLDER_PATH)/ubidv2";
			};
			name = Release;
		};
		657B868A2936A397003DA41F /* Debug */ = {
			isa = XCBuildConfiguration;
			buildSettings = {
				ALWAYS_EMBED_SWIFT_STANDARD_LIBRARIES = YES;
				CODE_SIGN_STYLE = Automatic;
				CURRENT_PROJECT_VERSION = 1;
				DEVELOPMENT_TEAM = 5ZFMXF63T4;
				GENERATE_INFOPLIST_FILE = YES;
				MARKETING_VERSION = 1.0;
				PRODUCT_BUNDLE_IDENTIFIER = fau.ubidv2UITests;
				PRODUCT_NAME = "$(TARGET_NAME)";
				SWIFT_EMIT_LOC_STRINGS = NO;
				SWIFT_VERSION = 5.0;
				TARGETED_DEVICE_FAMILY = "1,2";
				TEST_TARGET_NAME = ubidv2;
			};
			name = Debug;
		};
		657B868B2936A397003DA41F /* Release */ = {
			isa = XCBuildConfiguration;
			buildSettings = {
				ALWAYS_EMBED_SWIFT_STANDARD_LIBRARIES = YES;
				CODE_SIGN_STYLE = Automatic;
				CURRENT_PROJECT_VERSION = 1;
				DEVELOPMENT_TEAM = 5ZFMXF63T4;
				GENERATE_INFOPLIST_FILE = YES;
				MARKETING_VERSION = 1.0;
				PRODUCT_BUNDLE_IDENTIFIER = fau.ubidv2UITests;
				PRODUCT_NAME = "$(TARGET_NAME)";
				SWIFT_EMIT_LOC_STRINGS = NO;
				SWIFT_VERSION = 5.0;
				TARGETED_DEVICE_FAMILY = "1,2";
				TEST_TARGET_NAME = ubidv2;
			};
			name = Release;
		};
/* End XCBuildConfiguration section */

/* Begin XCConfigurationList section */
		657B86542936A394003DA41F /* Build configuration list for PBXProject "ubidv2" */ = {
			isa = XCConfigurationList;
			buildConfigurations = (
				657B86812936A397003DA41F /* Debug */,
				657B86822936A397003DA41F /* Release */,
			);
			defaultConfigurationIsVisible = 0;
			defaultConfigurationName = Release;
		};
		657B86832936A397003DA41F /* Build configuration list for PBXNativeTarget "ubidv2" */ = {
			isa = XCConfigurationList;
			buildConfigurations = (
				657B86842936A397003DA41F /* Debug */,
				657B86852936A397003DA41F /* Release */,
			);
			defaultConfigurationIsVisible = 0;
			defaultConfigurationName = Release;
		};
		657B86862936A397003DA41F /* Build configuration list for PBXNativeTarget "ubidv2Tests" */ = {
			isa = XCConfigurationList;
			buildConfigurations = (
				657B86872936A397003DA41F /* Debug */,
				657B86882936A397003DA41F /* Release */,
			);
			defaultConfigurationIsVisible = 0;
			defaultConfigurationName = Release;
		};
		657B86892936A397003DA41F /* Build configuration list for PBXNativeTarget "ubidv2UITests" */ = {
			isa = XCConfigurationList;
			buildConfigurations = (
				657B868A2936A397003DA41F /* Debug */,
				657B868B2936A397003DA41F /* Release */,
			);
			defaultConfigurationIsVisible = 0;
			defaultConfigurationName = Release;
		};
/* End XCConfigurationList section */
	};
	rootObject = 657B86512936A394003DA41F /* Project object */;
}
